
Microsoft Visual Studio Solution File, Format Version 12.00
# Visual Studio Version 17
VisualStudioVersion = 17.9.34723.18
MinimumVisualStudioVersion = 10.0.40219.1
Project("{FAE04EC0-301F-11D3-BF4B-00C04F79EFBC}") = "pryDacunteTp2", "pryDacunteTp2.csproj", "{FC05B908-B155-420F-B98D-72043E65196D}"
EndProject
Global
	GlobalSection(SolutionConfigurationPlatforms) = preSolution
		Debug|Any CPU = Debug|Any CPU
		Release|Any CPU = Release|Any CPU
	EndGlobalSection
	GlobalSection(ProjectConfigurationPlatforms) = postSolution
		{FC05B908-B155-420F-B98D-72043E65196D}.Debug|Any CPU.ActiveCfg = Debug|Any CPU
		{FC05B908-B155-420F-B98D-72043E65196D}.Debug|Any CPU.Build.0 = Debug|Any CPU
		{FC05B908-B155-420F-B98D-72043E65196D}.Release|Any CPU.ActiveCfg = Release|Any CPU
		{FC05B908-B155-420F-B98D-72043E65196D}.Release|Any CPU.Build.0 = Release|Any CPU
	EndGlobalSection
	GlobalSection(SolutionProperties) = preSolution
		HideSolutionNode = FALSE
	EndGlobalSection
	GlobalSection(ExtensibilityGlobals) = postSolution
		SolutionGuid = {588E9CA2-6FD6-421B-AE49-8F7DA4EEAA96}
	EndGlobalSection
EndGlobal
